{
  "requires": true,
  "lockfileVersion": 1,
  "dependencies": {
    "ember": {
      "version": "1.0.3",
      "resolved": "https://registry.npmjs.org/ember/-/ember-1.0.3.tgz",
      "integrity": "sha512-+sZwA/QhOYnHbuSShSxy3EONx2rZteZrCyMOtns3703eJsHf6b8gEEjMKjYhMUb+CdPyAgr8K9bN00kQBjllRA=="
    }
  }
}
