{
    "name": "babbage-web",
    "version": "1.0.0",
    "lockfileVersion": 1,
    "requires": true,
    "dependencies": {
        "exec-sh": {
            "version": "0.2.1",
            "resolved": "https://registry.npmjs.org/exec-sh/-/exec-sh-0.2.1.tgz",
            "integrity": "sha512-aLt95pexaugVtQerpmE51+4QfWrNc304uez7jvj6fWnN8GeEHpttB8F36n8N7uVhUMbH/1enbxQ9HImZ4w/9qg==",
            "dev": true,
            "requires": {
                "merge": "^1.1.3"
            }
        },
        "merge": {
            "version": "1.2.1",
            "resolved": "https://registry.npmjs.org/merge/-/merge-1.2.1.tgz",
            "integrity": "sha512-VjFo4P5Whtj4vsLzsYBu5ayHhoHJ0UqNm7ibvShmbmoz7tGi0vXaoJbGdB+GmDMLUdg8DpQXEIeVDAe8MaABvQ=="
        },
        "uglify-js": {
            "version": "3.12.5",
            "resolved": "https://registry.npmjs.org/uglify-js/-/uglify-js-3.12.5.tgz",
            "integrity": "sha512-SgpgScL4T7Hj/w/GexjnBHi3Ien9WS1Rpfg5y91WXMj9SY997ZCQU76mH4TpLwwfmMvoOU8wiaRkIf6NaH3mtg=="
        },
        "watch": {
            "version": "1.0.2",
            "resolved": "https://registry.npmjs.org/watch/-/watch-1.0.2.tgz",
            "integrity": "sha1-NApxe952Vyb6CqB9ch4BR6VR3ww=",
            "dev": true,
            "requires": {
                "exec-sh": "^0.2.0",
                "minimist": "^1.2.0"
            },
            "dependencies": {
                "minimist": {
                    "version": "1.2.0",
                    "resolved": "https://registry.npmjs.org/minimist/-/minimist-1.2.0.tgz",
                    "integrity": "sha1-o1AIsg9BOD7sH7kU9M1d95omQoQ=",
                    "dev": true
                }
            }
        }
    }
}
